
Microsoft Visual Studio Solution File, Format Version 12.00
# Visual Studio Version 17
VisualStudioVersion = 17.14.36414.22
MinimumVisualStudioVersion = 10.0.40219.1
Project("{FAE04EC0-301F-11D3-BF4B-00C04F79EFBC}") = "personalFinacialTrack", "personalFinacialTrack\personalFinacialTrack.csproj", "{DFB9F272-F961-4BA0-BA6D-77B31373733E}"
EndProject
Global
	GlobalSection(SolutionConfigurationPlatforms) = preSolution
		Debug|Any CPU = Debug|Any CPU
		Release|Any CPU = Release|Any CPU
	EndGlobalSection
	GlobalSection(ProjectConfigurationPlatforms) = postSolution
		{DFB9F272-F961-4BA0-BA6D-77B31373733E}.Debug|Any CPU.ActiveCfg = Debug|Any CPU
		{DFB9F272-F961-4BA0-BA6D-77B31373733E}.Debug|Any CPU.Build.0 = Debug|Any CPU
		{DFB9F272-F961-4BA0-BA6D-77B31373733E}.Debug|Any CPU.Deploy.0 = Debug|Any CPU
		{DFB9F272-F961-4BA0-BA6D-77B31373733E}.Release|Any CPU.ActiveCfg = Release|Any CPU
		{DFB9F272-F961-4BA0-BA6D-77B31373733E}.Release|Any CPU.Build.0 = Release|Any CPU
	EndGlobalSection
	GlobalSection(SolutionProperties) = preSolution
		HideSolutionNode = FALSE
	EndGlobalSection
	GlobalSection(ExtensibilityGlobals) = postSolution
		SolutionGuid = {1B5E7709-0544-4B1E-B216-9B4F5B2E9C7D}
	EndGlobalSection
EndGlobal
